
Microsoft Visual Studio Solution File, Format Version 12.00
# Visual Studio 14
VisualStudioVersion = 14.0.23107.0
MinimumVisualStudioVersion = 10.0.40219.1
Project("{8BC9CEB8-8B4A-11D0-8D11-00A0C91BC942}") = "L1.WTL_Window", "L1.WTL_Window\L1.WTL_Window.vcxproj", "{81490DF3-5A5A-47C5-A213-FBFF1F3F9F0B}"
EndProject
Project("{8BC9CEB8-8B4A-11D0-8D11-00A0C91BC942}") = "L2.Direct3D", "L2.Direct3D\L2.Direct3D.vcxproj", "{94BFCF06-CFE7-4BAA-BD96-FFEFB0A1B762}"
EndProject
Project("{8BC9CEB8-8B4A-11D0-8D11-00A0C91BC942}") = "L3.Triangle", "L3.Triangle\L3.Triangle.vcxproj", "{DACC482C-1AC1-4B2A-8D2F-811857C8423E}"
EndProject
Project("{8BC9CEB8-8B4A-11D0-8D11-00A0C91BC942}") = "L4.Texture", "L4.Texture\L4.Texture.vcxproj", "{D6C283EB-97C5-4921-9F42-E086EA53BBC0}"
EndProject
Global
	GlobalSection(SolutionConfigurationPlatforms) = preSolution
		Debug|x64 = Debug|x64
		Debug|x86 = Debug|x86
		Release|x64 = Release|x64
		Release|x86 = Release|x86
	EndGlobalSection
	GlobalSection(ProjectConfigurationPlatforms) = postSolution
		{81490DF3-5A5A-47C5-A213-FBFF1F3F9F0B}.Debug|x64.ActiveCfg = Debug|x64
		{81490DF3-5A5A-47C5-A213-FBFF1F3F9F0B}.Debug|x64.Build.0 = Debug|x64
		{81490DF3-5A5A-47C5-A213-FBFF1F3F9F0B}.Debug|x86.ActiveCfg = Debug|Win32
		{81490DF3-5A5A-47C5-A213-FBFF1F3F9F0B}.Debug|x86.Build.0 = Debug|Win32
		{81490DF3-5A5A-47C5-A213-FBFF1F3F9F0B}.Release|x64.ActiveCfg = Release|x64
		{81490DF3-5A5A-47C5-A213-FBFF1F3F9F0B}.Release|x64.Build.0 = Release|x64
		{81490DF3-5A5A-47C5-A213-FBFF1F3F9F0B}.Release|x86.ActiveCfg = Release|Win32
		{81490DF3-5A5A-47C5-A213-FBFF1F3F9F0B}.Release|x86.Build.0 = Release|Win32
		{94BFCF06-CFE7-4BAA-BD96-FFEFB0A1B762}.Debug|x64.ActiveCfg = Debug|x64
		{94BFCF06-CFE7-4BAA-BD96-FFEFB0A1B762}.Debug|x64.Build.0 = Debug|x64
		{94BFCF06-CFE7-4BAA-BD96-FFEFB0A1B762}.Debug|x86.ActiveCfg = Debug|Win32
		{94BFCF06-CFE7-4BAA-BD96-FFEFB0A1B762}.Debug|x86.Build.0 = Debug|Win32
		{94BFCF06-CFE7-4BAA-BD96-FFEFB0A1B762}.Release|x64.ActiveCfg = Release|x64
		{94BFCF06-CFE7-4BAA-BD96-FFEFB0A1B762}.Release|x64.Build.0 = Release|x64
		{94BFCF06-CFE7-4BAA-BD96-FFEFB0A1B762}.Release|x86.ActiveCfg = Release|Win32
		{94BFCF06-CFE7-4BAA-BD96-FFEFB0A1B762}.Release|x86.Build.0 = Release|Win32
		{DACC482C-1AC1-4B2A-8D2F-811857C8423E}.Debug|x64.ActiveCfg = Debug|x64
		{DACC482C-1AC1-4B2A-8D2F-811857C8423E}.Debug|x64.Build.0 = Debug|x64
		{DACC482C-1AC1-4B2A-8D2F-811857C8423E}.Debug|x86.ActiveCfg = Debug|Win32
		{DACC482C-1AC1-4B2A-8D2F-811857C8423E}.Debug|x86.Build.0 = Debug|Win32
		{DACC482C-1AC1-4B2A-8D2F-811857C8423E}.Release|x64.ActiveCfg = Release|x64
		{DACC482C-1AC1-4B2A-8D2F-811857C8423E}.Release|x64.Build.0 = Release|x64
		{DACC482C-1AC1-4B2A-8D2F-811857C8423E}.Release|x86.ActiveCfg = Release|Win32
		{DACC482C-1AC1-4B2A-8D2F-811857C8423E}.Release|x86.Build.0 = Release|Win32
		{D6C283EB-97C5-4921-9F42-E086EA53BBC0}.Debug|x64.ActiveCfg = Debug|x64
		{D6C283EB-97C5-4921-9F42-E086EA53BBC0}.Debug|x64.Build.0 = Debug|x64
		{D6C283EB-97C5-4921-9F42-E086EA53BBC0}.Debug|x86.ActiveCfg = Debug|Win32
		{D6C283EB-97C5-4921-9F42-E086EA53BBC0}.Debug|x86.Build.0 = Debug|Win32
		{D6C283EB-97C5-4921-9F42-E086EA53BBC0}.Release|x64.ActiveCfg = Release|x64
		{D6C283EB-97C5-4921-9F42-E086EA53BBC0}.Release|x64.Build.0 = Release|x64
		{D6C283EB-97C5-4921-9F42-E086EA53BBC0}.Release|x86.ActiveCfg = Release|Win32
		{D6C283EB-97C5-4921-9F42-E086EA53BBC0}.Release|x86.Build.0 = Release|Win32
	EndGlobalSection
	GlobalSection(SolutionProperties) = preSolution
		HideSolutionNode = FALSE
	EndGlobalSection
EndGlobal
